
Microsoft Visual Studio Solution File, Format Version 12.00
# Visual Studio Version 17
VisualStudioVersion = 17.8.34330.188
MinimumVisualStudioVersion = 10.0.40219.1
Project("{FAE04EC0-301F-11D3-BF4B-00C04F79EFBC}") = "ImageStoringProject", "ImageStoringProject\ImageStoringProject.csproj", "{76BC45C0-B2C1-4C9C-90BB-AC04FF7DD8CF}"
EndProject
Global
	GlobalSection(SolutionConfigurationPlatforms) = preSolution
		Debug|Any CPU = Debug|Any CPU
		Release|Any CPU = Release|Any CPU
	EndGlobalSection
	GlobalSection(ProjectConfigurationPlatforms) = postSolution
		{76BC45C0-B2C1-4C9C-90BB-AC04FF7DD8CF}.Debug|Any CPU.ActiveCfg = Debug|Any CPU
		{76BC45C0-B2C1-4C9C-90BB-AC04FF7DD8CF}.Debug|Any CPU.Build.0 = Debug|Any CPU
		{76BC45C0-B2C1-4C9C-90BB-AC04FF7DD8CF}.Release|Any CPU.ActiveCfg = Release|Any CPU
		{76BC45C0-B2C1-4C9C-90BB-AC04FF7DD8CF}.Release|Any CPU.Build.0 = Release|Any CPU
	EndGlobalSection
	GlobalSection(SolutionProperties) = preSolution
		HideSolutionNode = FALSE
	EndGlobalSection
	GlobalSection(ExtensibilityGlobals) = postSolution
		SolutionGuid = {5C5A40C5-0E79-4C6B-841F-7C6E310BA127}
	EndGlobalSection
EndGlobal
